# Generated by pub
# See https://dart.dev/tools/pub/glossary#lockfile
packages:
  _fe_analyzer_shared:
    dependency: transitive
    description:
      name: _fe_analyzer_shared
      sha256: "58826e40314219b223f4723dd4205845040161cdc2df3e6a1cdceed5d8165084"
      url: "https://pub.dev"
    source: hosted
    version: "63.0.0"
  analyzer:
    dependency: transitive
    description:
      name: analyzer
      sha256: f85566ec7b3d25cbea60f7dd4f157c5025f2f19233ca4feeed33b616c78a26a3
      url: "https://pub.dev"
    source: hosted
    version: "6.1.0"
  archive:
    dependency: transitive
    description:
      name: archive
      sha256: cb6a278ef2dbb298455e1a713bda08524a175630ec643a242c399c932a0a1f7d
      url: "https://pub.dev"
    source: hosted
    version: "3.6.1"
  args:
    dependency: transitive
    description:
      name: args
      sha256: eef6c46b622e0494a36c5a12d10d77fb4e855501a91c1b9ef9339326e58f0596
      url: "https://pub.dev"
    source: hosted
    version: "2.4.2"
  async:
    dependency: transitive
    description:
      name: async
      sha256: "947bfcf187f74dbc5e146c9eb9c0f10c9f8b30743e341481c1e2ed3ecc18c20c"
      url: "https://pub.dev"
    source: hosted
    version: "2.11.0"
  boolean_selector:
    dependency: transitive
    description:
      name: boolean_selector
      sha256: "6cfb5af12253eaf2b368f07bacc5a80d1301a071c73360d746b7f2e32d762c66"
      url: "https://pub.dev"
    source: hosted
    version: "2.1.1"
  characters:
    dependency: transitive
    description:
      name: characters
      sha256: "04a925763edad70e8443c99234dc3328f442e811f1d8fd1a72f1c8ad0f69a605"
      url: "https://pub.dev"
    source: hosted
    version: "1.3.0"
  clock:
    dependency: transitive
    description:
      name: clock
      sha256: cb6d7f03e1de671e34607e909a7213e31d7752be4fb66a86d29fe1eb14bfb5cf
      url: "https://pub.dev"
    source: hosted
    version: "1.1.1"
  collection:
    dependency: "direct overridden"
    description:
      name: collection
      sha256: a1ace0a119f20aabc852d165077c036cd864315bd99b7eaa10a60100341941bf
      url: "https://pub.dev"
    source: hosted
    version: "1.19.0"
  convert:
    dependency: transitive
    description:
      name: convert
      sha256: "0f08b14755d163f6e2134cb58222dd25ea2a2ee8a195e53983d57c075324d592"
      url: "https://pub.dev"
    source: hosted
    version: "3.1.1"
  coverage:
    dependency: transitive
    description:
      name: coverage
      sha256: "2fb815080e44a09b85e0f2ca8a820b15053982b2e714b59267719e8a9ff17097"
      url: "https://pub.dev"
    source: hosted
    version: "1.6.3"
  crypto:
    dependency: "direct main"
    description:
      name: crypto
      sha256: ec30d999af904f33454ba22ed9a86162b35e52b44ac4807d1d93c288041d7d27
      url: "https://pub.dev"
    source: hosted
    version: "3.0.5"
  dartx:
    dependency: "direct main"
    description:
      name: dartx
      sha256: "8b25435617027257d43e6508b5fe061012880ddfdaa75a71d607c3de2a13d244"
      url: "https://pub.dev"
    source: hosted
    version: "1.2.0"
  device_info_plus:
    dependency: "direct main"
    description:
      name: device_info_plus
      sha256: a7fd703482b391a87d60b6061d04dfdeab07826b96f9abd8f5ed98068acc0074
      url: "https://pub.dev"
    source: hosted
    version: "10.1.2"
  device_info_plus_platform_interface:
    dependency: transitive
    description:
      name: device_info_plus_platform_interface
      sha256: "282d3cf731045a2feb66abfe61bbc40870ae50a3ed10a4d3d217556c35c8c2ba"
      url: "https://pub.dev"
    source: hosted
    version: "7.0.1"
  dfunc:
    dependency: "direct main"
    description:
      name: dfunc
      sha256: c6469b5fc6efc8b59d3446ab438e357d9ff47611e566df57dcd979a615dc33f3
      url: "https://pub.dev"
    source: hosted
    version: "0.10.0"
  equatable:
    dependency: transitive
    description:
      name: equatable
      sha256: c2b87cb7756efdf69892005af546c56c0b5037f54d2a88269b4f347a505e3ca2
      url: "https://pub.dev"
    source: hosted
    version: "2.0.5"
  ffi:
    dependency: "direct main"
    description:
      name: ffi
      sha256: "16ed7b077ef01ad6170a3d0c57caa4a112a38d7a2ed5602e0aca9ca6f3d98da6"
      url: "https://pub.dev"
    source: hosted
    version: "2.1.3"
  file:
    dependency: transitive
    description:
      name: file
      sha256: "1b92bec4fc2a72f59a8e15af5f52cd441e4a7860b49499d69dfa817af20e925d"
      url: "https://pub.dev"
    source: hosted
    version: "6.1.4"
  fimber:
    dependency: "direct main"
    description:
      name: fimber
      sha256: "42fcfa33acd43556c1e7ebfc12c2b03893418bc04a07931368c3573e228af2f0"
      url: "https://pub.dev"
    source: hosted
    version: "0.7.0"
  fixnum:
    dependency: transitive
    description:
      name: fixnum
      sha256: "25517a4deb0c03aa0f32fd12db525856438902d9c16536311e76cdc57b31d7d1"
      url: "https://pub.dev"
    source: hosted
    version: "1.1.0"
  flutter:
    dependency: "direct main"
    description: flutter
    source: sdk
    version: "0.0.0"
  flutter_archive:
    dependency: "direct main"
    description:
      name: flutter_archive
      sha256: "5ca235f304c12bf468979235f400f79846d204169d715939e39197106f5fc970"
      url: "https://pub.dev"
    source: hosted
    version: "6.0.3"
  flutter_web_plugins:
    dependency: transitive
    description: flutter
    source: sdk
    version: "0.0.0"
  frontend_server_client:
    dependency: transitive
    description:
      name: frontend_server_client
      sha256: "408e3ca148b31c20282ad6f37ebfa6f4bdc8fede5b74bc2f08d9d92b55db3612"
      url: "https://pub.dev"
    source: hosted
    version: "3.2.0"
  glob:
    dependency: transitive
    description:
      name: glob
      sha256: "0e7014b3b7d4dac1ca4d6114f82bf1782ee86745b9b42a92c9289c23d8a0ab63"
      url: "https://pub.dev"
    source: hosted
    version: "2.1.2"
  http_multi_server:
    dependency: transitive
    description:
      name: http_multi_server
      sha256: "97486f20f9c2f7be8f514851703d0119c3596d14ea63227af6f7a481ef2b2f8b"
      url: "https://pub.dev"
    source: hosted
    version: "3.2.1"
  http_parser:
    dependency: transitive
    description:
      name: http_parser
      sha256: "2aa08ce0341cc9b354a498388e30986515406668dbcc4f7c950c3e715496693b"
      url: "https://pub.dev"
    source: hosted
    version: "4.0.2"
  image:
    dependency: transitive
    description:
      name: image
      sha256: "2237616a36c0d69aef7549ab439b833fb7f9fb9fc861af2cc9ac3eedddd69ca8"
      url: "https://pub.dev"
    source: hosted
    version: "4.2.0"
  intl:
    dependency: "direct overridden"
    description:
      name: intl
      sha256: d6f56758b7d3014a48af9701c085700aac781a92a87a62b1333b46d8879661cf
      url: "https://pub.dev"
    source: hosted
    version: "0.19.0"
  io:
    dependency: transitive
    description:
      name: io
      sha256: "2ec25704aba361659e10e3e5f5d672068d332fc8ac516421d483a11e5cbd061e"
      url: "https://pub.dev"
    source: hosted
    version: "1.0.4"
  js:
    dependency: transitive
    description:
      name: js
      sha256: f2c445dce49627136094980615a031419f7f3eb393237e4ecd97ac15dea343f3
      url: "https://pub.dev"
    source: hosted
    version: "0.6.7"
  lints:
    dependency: "direct dev"
    description:
      name: lints
      sha256: "976c774dd944a42e83e2467f4cc670daef7eed6295b10b36ae8c85bcbf828235"
      url: "https://pub.dev"
    source: hosted
    version: "4.0.0"
  logging:
    dependency: transitive
    description:
      name: logging
      sha256: "623a88c9594aa774443aa3eb2d41807a48486b5613e67599fb4c41c0ad47c340"
      url: "https://pub.dev"
    source: hosted
    version: "1.2.0"
  matcher:
    dependency: transitive
    description:
      name: matcher
      sha256: d2323aa2060500f906aa31a895b4030b6da3ebdcc5619d14ce1aada65cd161cb
      url: "https://pub.dev"
    source: hosted
    version: "0.12.16+1"
  material_color_utilities:
    dependency: transitive
    description:
      name: material_color_utilities
      sha256: f7142bb1154231d7ea5f96bc7bde4bda2a0945d2806bb11670e30b850d56bdec
      url: "https://pub.dev"
    source: hosted
    version: "0.11.1"
  meta:
    dependency: "direct overridden"
    description:
      name: meta
      sha256: bdb68674043280c3428e9ec998512fb681678676b3c54e773629ffe74419f8c7
      url: "https://pub.dev"
    source: hosted
    version: "1.15.0"
  mime:
    dependency: transitive
    description:
      name: mime
      sha256: e4ff8e8564c03f255408decd16e7899da1733852a9110a58fe6d1b817684a63e
      url: "https://pub.dev"
    source: hosted
    version: "1.0.4"
  mno_commons:
    dependency: "direct main"
    description:
      path: "../commons"
      relative: true
    source: path
    version: "0.1.2"
  mno_fsm:
    dependency: "direct main"
    description:
      name: mno_fsm
      sha256: "30817577645a9a2b8a08d19575603e6ced1e1458ad9dbc4b6ed44f40744a6c90"
      url: "https://pub.dev"
    source: hosted
    version: "0.2.3"
  mno_shared:
    dependency: "direct main"
    description:
      path: "../shared"
      relative: true
    source: path
    version: "0.1.3"
  multiple_localization:
    dependency: "direct main"
    description:
      name: multiple_localization
      sha256: "8b071f538bdf087a7bf13cd8b78a1a041994960c8e9f0a1aaaaf0cfb39845019"
      url: "https://pub.dev"
    source: hosted
    version: "0.5.0"
  node_preamble:
    dependency: transitive
    description:
      name: node_preamble
      sha256: "6e7eac89047ab8a8d26cf16127b5ed26de65209847630400f9aefd7cd5c730db"
      url: "https://pub.dev"
    source: hosted
    version: "2.0.2"
  package_config:
    dependency: transitive
    description:
      name: package_config
      sha256: "1c5b77ccc91e4823a5af61ee74e6b972db1ef98c2ff5a18d3161c982a55448bd"
      url: "https://pub.dev"
    source: hosted
    version: "2.1.0"
  path:
    dependency: transitive
    description:
      name: path
      sha256: "087ce49c3f0dc39180befefc60fdb4acd8f8620e5682fe2476afd0b3688bb4af"
      url: "https://pub.dev"
    source: hosted
    version: "1.9.0"
  path_provider:
    dependency: "direct main"
    description:
      name: path_provider
      sha256: fec0d61223fba3154d87759e3cc27fe2c8dc498f6386c6d6fc80d1afdd1bf378
      url: "https://pub.dev"
    source: hosted
    version: "2.1.4"
  path_provider_android:
    dependency: transitive
    description:
      name: path_provider_android
      sha256: "6f01f8e37ec30b07bc424b4deabac37cacb1bc7e2e515ad74486039918a37eb7"
      url: "https://pub.dev"
    source: hosted
    version: "2.2.10"
  path_provider_foundation:
    dependency: transitive
    description:
      name: path_provider_foundation
      sha256: f234384a3fdd67f989b4d54a5d73ca2a6c422fa55ae694381ae0f4375cd1ea16
      url: "https://pub.dev"
    source: hosted
    version: "2.4.0"
  path_provider_linux:
    dependency: transitive
    description:
      name: path_provider_linux
      sha256: ba2b77f0c52a33db09fc8caf85b12df691bf28d983e84cf87ff6d693cfa007b3
      url: "https://pub.dev"
    source: hosted
    version: "2.2.0"
  path_provider_platform_interface:
    dependency: transitive
    description:
      name: path_provider_platform_interface
      sha256: bced5679c7df11190e1ddc35f3222c858f328fff85c3942e46e7f5589bf9eb84
      url: "https://pub.dev"
    source: hosted
    version: "2.1.0"
  path_provider_windows:
    dependency: transitive
    description:
      name: path_provider_windows
      sha256: ee0e0d164516b90ae1f970bdf29f726f1aa730d7cfc449ecc74c495378b705da
      url: "https://pub.dev"
    source: hosted
    version: "2.2.0"
  petitparser:
    dependency: transitive
    description:
      name: petitparser
      sha256: c15605cd28af66339f8eb6fbe0e541bfe2d1b72d5825efc6598f3e0a31b9ad27
      url: "https://pub.dev"
    source: hosted
    version: "6.0.2"
  platform:
    dependency: transitive
    description:
      name: platform
      sha256: "4a451831508d7d6ca779f7ac6e212b4023dd5a7d08a27a63da33756410e32b76"
      url: "https://pub.dev"
    source: hosted
    version: "3.1.0"
  plugin_platform_interface:
    dependency: transitive
    description:
      name: plugin_platform_interface
      sha256: "4820fbfdb9478b1ebae27888254d445073732dae3d6ea81f0b7e06d5dedc3f02"
      url: "https://pub.dev"
    source: hosted
    version: "2.1.8"
  pool:
    dependency: transitive
    description:
      name: pool
      sha256: "20fe868b6314b322ea036ba325e6fc0711a22948856475e2c2b6306e8ab39c2a"
      url: "https://pub.dev"
    source: hosted
    version: "1.5.1"
  pub_semver:
    dependency: transitive
    description:
      name: pub_semver
      sha256: "40d3ab1bbd474c4c2328c91e3a7df8c6dd629b79ece4c4bd04bee496a224fb0c"
      url: "https://pub.dev"
    source: hosted
    version: "2.1.4"
  shared_preferences:
    dependency: "direct main"
    description:
      name: shared_preferences
      sha256: "746e5369a43170c25816cc472ee016d3a66bc13fcf430c0bc41ad7b4b2922051"
      url: "https://pub.dev"
    source: hosted
    version: "2.3.2"
  shared_preferences_android:
    dependency: transitive
    description:
      name: shared_preferences_android
      sha256: "480ba4345773f56acda9abf5f50bd966f581dac5d514e5fc4a18c62976bbba7e"
      url: "https://pub.dev"
    source: hosted
    version: "2.3.2"
  shared_preferences_foundation:
    dependency: transitive
    description:
      name: shared_preferences_foundation
      sha256: c4b35f6cb8f63c147312c054ce7c2254c8066745125264f0c88739c417fc9d9f
      url: "https://pub.dev"
    source: hosted
    version: "2.5.2"
  shared_preferences_linux:
    dependency: transitive
    description:
      name: shared_preferences_linux
      sha256: "580abfd40f415611503cae30adf626e6656dfb2f0cee8f465ece7b6defb40f2f"
      url: "https://pub.dev"
    source: hosted
    version: "2.4.1"
  shared_preferences_platform_interface:
    dependency: transitive
    description:
      name: shared_preferences_platform_interface
      sha256: "57cbf196c486bc2cf1f02b85784932c6094376284b3ad5779d1b1c6c6a816b80"
      url: "https://pub.dev"
    source: hosted
    version: "2.4.1"
  shared_preferences_web:
    dependency: transitive
    description:
      name: shared_preferences_web
      sha256: d2ca4132d3946fec2184261726b355836a82c33d7d5b67af32692aff18a4684e
      url: "https://pub.dev"
    source: hosted
    version: "2.4.2"
  shared_preferences_windows:
    dependency: transitive
    description:
      name: shared_preferences_windows
      sha256: "94ef0f72b2d71bc3e700e025db3710911bd51a71cefb65cc609dd0d9a982e3c1"
      url: "https://pub.dev"
    source: hosted
    version: "2.4.1"
  shelf:
    dependency: transitive
    description:
      name: shelf
      sha256: ad29c505aee705f41a4d8963641f91ac4cee3c8fad5947e033390a7bd8180fa4
      url: "https://pub.dev"
    source: hosted
    version: "1.4.1"
  shelf_packages_handler:
    dependency: transitive
    description:
      name: shelf_packages_handler
      sha256: "89f967eca29607c933ba9571d838be31d67f53f6e4ee15147d5dc2934fee1b1e"
      url: "https://pub.dev"
    source: hosted
    version: "3.0.2"
  shelf_static:
    dependency: transitive
    description:
      name: shelf_static
      sha256: a41d3f53c4adf0f57480578c1d61d90342cd617de7fc8077b1304643c2d85c1e
      url: "https://pub.dev"
    source: hosted
    version: "1.1.2"
  shelf_web_socket:
    dependency: transitive
    description:
      name: shelf_web_socket
      sha256: "9ca081be41c60190ebcb4766b2486a7d50261db7bd0f5d9615f2d653637a84c1"
      url: "https://pub.dev"
    source: hosted
    version: "1.0.4"
  sky_engine:
    dependency: transitive
    description: flutter
    source: sdk
    version: "0.0.0"
  source_map_stack_trace:
    dependency: transitive
    description:
      name: source_map_stack_trace
      sha256: "84cf769ad83aa6bb61e0aa5a18e53aea683395f196a6f39c4c881fb90ed4f7ae"
      url: "https://pub.dev"
    source: hosted
    version: "2.1.1"
  source_maps:
    dependency: transitive
    description:
      name: source_maps
      sha256: "708b3f6b97248e5781f493b765c3337db11c5d2c81c3094f10904bfa8004c703"
      url: "https://pub.dev"
    source: hosted
    version: "0.10.12"
  source_span:
    dependency: transitive
    description:
      name: source_span
      sha256: "53e943d4206a5e30df338fd4c6e7a077e02254531b138a15aec3bd143c1a8b3c"
      url: "https://pub.dev"
    source: hosted
    version: "1.10.0"
  sprintf:
    dependency: transitive
    description:
      name: sprintf
      sha256: "1fc9ffe69d4df602376b52949af107d8f5703b77cda567c4d7d86a0693120f23"
      url: "https://pub.dev"
    source: hosted
    version: "7.0.0"
  sqflite:
    dependency: "direct main"
    description:
      name: sqflite
      sha256: a43e5a27235518c03ca238e7b4732cf35eabe863a369ceba6cbefa537a66f16d
      url: "https://pub.dev"
    source: hosted
    version: "2.3.3+1"
  sqflite_common:
    dependency: transitive
    description:
      name: sqflite_common
      sha256: "1b92f368f44b0dee2425bb861cfa17b6f6cf3961f762ff6f941d20b33355660a"
      url: "https://pub.dev"
    source: hosted
    version: "2.5.0"
  stack_trace:
    dependency: transitive
    description:
      name: stack_trace
      sha256: "73713990125a6d93122541237550ee3352a2d84baad52d375a4cad2eb9b7ce0b"
      url: "https://pub.dev"
    source: hosted
    version: "1.11.1"
  stream_channel:
    dependency: transitive
    description:
      name: stream_channel
      sha256: ba2aa5d8cc609d96bbb2899c28934f9e1af5cddbd60a827822ea467161eb54e7
      url: "https://pub.dev"
    source: hosted
    version: "2.1.2"
  string_scanner:
    dependency: transitive
    description:
      name: string_scanner
      sha256: "556692adab6cfa87322a115640c11f13cb77b3f076ddcc5d6ae3c20242bedcde"
      url: "https://pub.dev"
    source: hosted
    version: "1.2.0"
  synchronized:
    dependency: transitive
    description:
      name: synchronized
      sha256: "5fcbd27688af6082f5abd611af56ee575342c30e87541d0245f7ff99faa02c60"
      url: "https://pub.dev"
    source: hosted
    version: "3.1.0"
  term_glyph:
    dependency: transitive
    description:
      name: term_glyph
      sha256: a29248a84fbb7c79282b40b8c72a1209db169a2e0542bce341da992fe1bc7e84
      url: "https://pub.dev"
    source: hosted
    version: "1.2.1"
  test:
    dependency: "direct dev"
    description:
      name: test
      sha256: "713a8789d62f3233c46b4a90b174737b2c04cb6ae4500f2aa8b1be8f03f5e67f"
      url: "https://pub.dev"
    source: hosted
    version: "1.25.8"
  test_api:
    dependency: transitive
    description:
      name: test_api
      sha256: "664d3a9a64782fcdeb83ce9c6b39e78fd2971d4e37827b9b06c3aa1edc5e760c"
      url: "https://pub.dev"
    source: hosted
    version: "0.7.3"
  test_core:
    dependency: transitive
    description:
      name: test_core
      sha256: "12391302411737c176b0b5d6491f466b0dd56d4763e347b6714efbaa74d7953d"
      url: "https://pub.dev"
    source: hosted
    version: "0.6.5"
  time:
    dependency: transitive
    description:
      name: time
      sha256: "83427e11d9072e038364a5e4da559e85869b227cf699a541be0da74f14140124"
      url: "https://pub.dev"
    source: hosted
    version: "2.1.3"
  typed_data:
    dependency: transitive
    description:
      name: typed_data
      sha256: facc8d6582f16042dd49f2463ff1bd6e2c9ef9f3d5da3d9b087e244a7b564b3c
      url: "https://pub.dev"
    source: hosted
    version: "1.3.2"
  universal_io:
    dependency: "direct main"
    description:
      name: universal_io
      sha256: "1722b2dcc462b4b2f3ee7d188dad008b6eb4c40bbd03a3de451d82c78bba9aad"
      url: "https://pub.dev"
    source: hosted
    version: "2.2.2"
  url_launcher:
    dependency: "direct main"
    description:
      name: url_launcher
      sha256: "21b704ce5fa560ea9f3b525b43601c678728ba46725bab9b01187b4831377ed3"
      url: "https://pub.dev"
    source: hosted
    version: "6.3.0"
  url_launcher_android:
    dependency: transitive
    description:
      name: url_launcher_android
      sha256: e35a698ac302dd68e41f73250bd9517fe3ab5fa4f18fe4647a0872db61bacbab
      url: "https://pub.dev"
    source: hosted
    version: "6.3.10"
  url_launcher_ios:
    dependency: transitive
    description:
      name: url_launcher_ios
      sha256: "75bb6fe3f60070407704282a2d295630cab232991eb52542b18347a8a941df03"
      url: "https://pub.dev"
    source: hosted
    version: "6.2.4"
  url_launcher_linux:
    dependency: transitive
    description:
      name: url_launcher_linux
      sha256: ab360eb661f8879369acac07b6bb3ff09d9471155357da8443fd5d3cf7363811
      url: "https://pub.dev"
    source: hosted
    version: "3.1.1"
  url_launcher_macos:
    dependency: transitive
    description:
      name: url_launcher_macos
      sha256: b7244901ea3cf489c5335bdacda07264a6e960b1c1b1a9f91e4bc371d9e68234
      url: "https://pub.dev"
    source: hosted
    version: "3.1.0"
  url_launcher_platform_interface:
    dependency: transitive
    description:
      name: url_launcher_platform_interface
      sha256: "552f8a1e663569be95a8190206a38187b531910283c3e982193e4f2733f01029"
      url: "https://pub.dev"
    source: hosted
    version: "2.3.2"
  url_launcher_web:
    dependency: transitive
    description:
      name: url_launcher_web
      sha256: "772638d3b34c779ede05ba3d38af34657a05ac55b06279ea6edd409e323dca8e"
      url: "https://pub.dev"
    source: hosted
    version: "2.3.3"
  url_launcher_windows:
    dependency: transitive
    description:
      name: url_launcher_windows
      sha256: ecf9725510600aa2bb6d7ddabe16357691b6d2805f66216a97d1b881e21beff7
      url: "https://pub.dev"
    source: hosted
    version: "3.1.1"
  uuid:
    dependency: "direct main"
    description:
      name: uuid
      sha256: "83d37c7ad7aaf9aa8e275490669535c8080377cfa7a7004c24dfac53afffaa90"
      url: "https://pub.dev"
    source: hosted
    version: "4.4.2"
  vector_math:
    dependency: transitive
    description:
      name: vector_math
      sha256: "80b3257d1492ce4d091729e3a67a60407d227c27241d6927be0130c98e741803"
      url: "https://pub.dev"
    source: hosted
    version: "2.1.4"
  vm_service:
    dependency: transitive
    description:
      name: vm_service
      sha256: "0fae432c85c4ea880b33b497d32824b97795b04cdaa74d270219572a1f50268d"
      url: "https://pub.dev"
    source: hosted
    version: "11.9.0"
  watcher:
    dependency: transitive
    description:
      name: watcher
      sha256: "3d2ad6751b3c16cf07c7fca317a1413b3f26530319181b37e3b9039b84fc01d8"
      url: "https://pub.dev"
    source: hosted
    version: "1.1.0"
  web:
    dependency: transitive
    description:
      name: web
      sha256: d43c1d6b787bf0afad444700ae7f4db8827f701bc61c255ac8d328c6f4d52062
      url: "https://pub.dev"
    source: hosted
    version: "1.0.0"
  web_socket_channel:
    dependency: transitive
    description:
      name: web_socket_channel
      sha256: d88238e5eac9a42bb43ca4e721edba3c08c6354d4a53063afaa568516217621b
      url: "https://pub.dev"
    source: hosted
    version: "2.4.0"
  webkit_inspection_protocol:
    dependency: transitive
    description:
      name: webkit_inspection_protocol
      sha256: "67d3a8b6c79e1987d19d848b0892e582dbb0c66c57cc1fef58a177dd2aa2823d"
      url: "https://pub.dev"
    source: hosted
    version: "1.2.0"
  win32:
    dependency: transitive
    description:
      name: win32
      sha256: f2add6fa510d3ae152903412227bda57d0d5a8da61d2c39c1fb022c9429a41c0
      url: "https://pub.dev"
    source: hosted
    version: "5.0.6"
  win32_registry:
    dependency: transitive
    description:
      name: win32_registry
      sha256: e4506d60b7244251bc59df15656a3093501c37fb5af02105a944d73eb95be4c9
      url: "https://pub.dev"
    source: hosted
    version: "1.1.1"
  xdg_directories:
    dependency: transitive
    description:
      name: xdg_directories
      sha256: f0c26453a2d47aa4c2570c6a033246a3fc62da2fe23c7ffdd0a7495086dc0247
      url: "https://pub.dev"
    source: hosted
    version: "1.0.2"
  xml:
    dependency: transitive
    description:
      name: xml
      sha256: b015a8ad1c488f66851d762d3090a21c600e479dc75e68328c52774040cf9226
      url: "https://pub.dev"
    source: hosted
    version: "6.5.0"
  yaml:
    dependency: transitive
    description:
      name: yaml
      sha256: "75769501ea3489fca56601ff33454fe45507ea3bfb014161abc3b43ae25989d5"
      url: "https://pub.dev"
    source: hosted
    version: "3.1.2"
sdks:
  dart: ">=3.5.0 <4.0.0"
  flutter: ">=3.24.0"
